
Microsoft Visual Studio Solution File, Format Version 12.00
# Visual Studio Version 17
VisualStudioVersion = 17.9.34728.123
MinimumVisualStudioVersion = 10.0.40219.1
Project("{FAE04EC0-301F-11D3-BF4B-00C04F79EFBC}") = "Nombre Aléatoire", "Nombre Aléatoire.csproj", "{0CBAAA0F-4340-4905-A67F-DF2DAC14855A}"
EndProject
Global
	GlobalSection(SolutionConfigurationPlatforms) = preSolution
		Debug|Any CPU = Debug|Any CPU
		Release|Any CPU = Release|Any CPU
	EndGlobalSection
	GlobalSection(ProjectConfigurationPlatforms) = postSolution
		{0CBAAA0F-4340-4905-A67F-DF2DAC14855A}.Debug|Any CPU.ActiveCfg = Debug|Any CPU
		{0CBAAA0F-4340-4905-A67F-DF2DAC14855A}.Debug|Any CPU.Build.0 = Debug|Any CPU
		{0CBAAA0F-4340-4905-A67F-DF2DAC14855A}.Release|Any CPU.ActiveCfg = Release|Any CPU
		{0CBAAA0F-4340-4905-A67F-DF2DAC14855A}.Release|Any CPU.Build.0 = Release|Any CPU
	EndGlobalSection
	GlobalSection(SolutionProperties) = preSolution
		HideSolutionNode = FALSE
	EndGlobalSection
	GlobalSection(ExtensibilityGlobals) = postSolution
		SolutionGuid = {463032B6-F868-4921-8734-6E6D8938839C}
	EndGlobalSection
EndGlobal
